// !$*UTF8*$!
{
	archiveVersion = 1;
	classes = {
	};
	objectVersion = 48;
	objects = {

/* Begin PBXBuildFile section */
		60E5C2D31FBCAE580023CDA1 /* AppDelegate.swift in Sources */ = {isa = PBXBuildFile; fileRef = 60E5C2D21FBCAE580023CDA1 /* AppDelegate.swift */; };
		60E5C2D51FBCAE580023CDA1 /* ViewController.swift in Sources */ = {isa = PBXBuildFile; fileRef = 60E5C2D41FBCAE580023CDA1 /* ViewController.swift */; };
		60E5C2D81FBCAE580023CDA1 /* Main.storyboard in Resources */ = {isa = PBXBuildFile; fileRef = 60E5C2D61FBCAE580023CDA1 /* Main.storyboard */; };
		60E5C2DA1FBCAE580023CDA1 /* Assets.xcassets in Resources */ = {isa = PBXBuildFile; fileRef = 60E5C2D91FBCAE580023CDA1 /* Assets.xcassets */; };
		60E5C2DD1FBCAE580023CDA1 /* LaunchScreen.storyboard in Resources */ = {isa = PBXBuildFile; fileRef = 60E5C2DB1FBCAE580023CDA1 /* LaunchScreen.storyboard */; };
/* End PBXBuildFile section */

/* Begin PBXFileReference section */
		60E5C2CF1FBCAE580023CDA1 /* Calculatorauto.app */ = {isa = PBXFileReference; explicitFileType = wrapper.application; includeInIndex = 0; path = Calculatorauto.app; sourceTree = BUILT_PRODUCTS_DIR; };
		60E5C2D21FBCAE580023CDA1 /* AppDelegate.swift */ = {isa = PBXFileReference; lastKnownFileType = sourcecode.swift; path = AppDelegate.swift; sourceTree = "<group>"; };
		60E5C2D41FBCAE580023CDA1 /* ViewController.swift */ = {isa = PBXFileReference; lastKnownFileType = sourcecode.swift; path = ViewController.swift; sourceTree = "<group>"; };
		60E5C2D71FBCAE580023CDA1 /* Base */ = {isa = PBXFileReference; lastKnownFileType = file.storyboard; name = Base; path = Base.lproj/Main.storyboard; sourceTree = "<group>"; };
		60E5C2D91FBCAE580023CDA1 /* Assets.xcassets */ = {isa = PBXFileReference; lastKnownFileType = folder.assetcatalog; path = Assets.xcassets; sourceTree = "<group>"; };
		60E5C2DC1FBCAE580023CDA1 /* Base */ = {isa = PBXFileReference; lastKnownFileType = file.storyboard; name = Base; path = Base.lproj/LaunchScreen.storyboard; sourceTree = "<group>"; };
		60E5C2DE1FBCAE580023CDA1 /* Info.plist */ = {isa = PBXFileReference; lastKnownFileType = text.plist.xml; path = Info.plist; sourceTree = "<group>"; };
/* End PBXFileReference section */

/* Begin PBXFrameworksBuildPhase section */
		60E5C2CC1FBCAE580023CDA1 /* Frameworks */ = {
			isa = PBXFrameworksBuildPhase;
			buildActionMask = 2147483647;
			files = (
			);
			runOnlyForDeploymentPostprocessing = 0;
		};
/* End PBXFrameworksBuildPhase section */

/* Begin PBXGroup section */
		60E5C2C61FBCAE570023CDA1 = {
			isa = PBXGroup;
			children = (
				60E5C2D11FBCAE580023CDA1 /* Calculatorauto */,
				60E5C2D01FBCAE580023CDA1 /* Products */,
			);
			sourceTree = "<group>";
		};
		60E5C2D01FBCAE580023CDA1 /* Products */ = {
			isa = PBXGroup;
			children = (
				60E5C2CF1FBCAE580023CDA1 /* Calculatorauto.app */,
			);
			name = Products;
			sourceTree = "<group>";
		};
		60E5C2D11FBCAE580023CDA1 /* Calculatorauto */ = {
			isa = PBXGroup;
			children = (
				60E5C2D21FBCAE580023CDA1 /* AppDelegate.swift */,
				60E5C2D41FBCAE580023CDA1 /* ViewController.swift */,
				60E5C2D61FBCAE580023CDA1 /* Main.storyboard */,
				60E5C2D91FBCAE580023CDA1 /* Assets.xcassets */,
				60E5C2DB1FBCAE580023CDA1 /* LaunchScreen.storyboard */,
				60E5C2DE1FBCAE580023CDA1 /* Info.plist */,
			);
			path = Calculatorauto;
			sourceTree = "<group>";
		};
/* End PBXGroup section */

/* Begin PBXNativeTarget section */
		60E5C2CE1FBCAE580023CDA1 /* Calculatorauto */ = {
			isa = PBXNativeTarget;
			buildConfigurationList = 60E5C2E11FBCAE580023CDA1 /* Build configuration list for PBXNativeTarget "Calculatorauto" */;
			buildPhases = (
				60E5C2CB1FBCAE580023CDA1 /* Sources */,
				60E5C2CC1FBCAE580023CDA1 /* Frameworks */,
				60E5C2CD1FBCAE580023CDA1 /* Resources */,
			);
			buildRules = (
			);
			dependencies = (
			);
			name = Calculatorauto;
			productName = Calculatorauto;
			productReference = 60E5C2CF1FBCAE580023CDA1 /* Calculatorauto.app */;
			productType = "com.apple.product-type.application";
		};
/* End PBXNativeTarget section */

/* Begin PBXProject section */
		60E5C2C71FBCAE570023CDA1 /* Project object */ = {
			isa = PBXProject;
			attributes = {
				LastSwiftUpdateCheck = 0910;
				LastUpgradeCheck = 0910;
				ORGANIZATIONNAME = "Vijay Bhati";
				TargetAttributes = {
					60E5C2CE1FBCAE580023CDA1 = {
						CreatedOnToolsVersion = 9.1;
						ProvisioningStyle = Automatic;
					};
				};
			};
			buildConfigurationList = 60E5C2CA1FBCAE570023CDA1 /* Build configuration list for PBXProject "Calculatorauto" */;
			compatibilityVersion = "Xcode 8.0";
			developmentRegion = en;
			hasScannedForEncodings = 0;
			knownRegions = (
				en,
				Base,
			);
			mainGroup = 60E5C2C61FBCAE570023CDA1;
			productRefGroup = 60E5C2D01FBCAE580023CDA1 /* Products */;
			projectDirPath = "";
			projectRoot = "";
			targets = (
				60E5C2CE1FBCAE580023CDA1 /* Calculatorauto */,
			);
		};
/* End PBXProject section */

/* Begin PBXResourcesBuildPhase section */
		60E5C2CD1FBCAE580023CDA1 /* Resources */ = {
			isa = PBXResourcesBuildPhase;
			buildActionMask = 2147483647;
			files = (
				60E5C2DD1FBCAE580023CDA1 /* LaunchScreen.storyboard in Resources */,
				60E5C2DA1FBCAE580023CDA1 /* Assets.xcassets in Resources */,
				60E5C2D81FBCAE580023CDA1 /* Main.storyboard in Resources */,
			);
			runOnlyForDeploymentPostprocessing = 0;
		};
/* End PBXResourcesBuildPhase section */

/* Begin PBXSourcesBuildPhase section */
		60E5C2CB1FBCAE580023CDA1 /* Sources */ = {
			isa = PBXSourcesBuildPhase;
			buildActionMask = 2147483647;
			files = (
				60E5C2D51FBCAE580023CDA1 /* ViewController.swift in Sources */,
				60E5C2D31FBCAE580023CDA1 /* AppDelegate.swift in Sources */,
			);
			runOnlyForDeploymentPostprocessing = 0;
		};
/* End PBXSourcesBuildPhase section */

/* Begin PBXVariantGroup section */
		60E5C2D61FBCAE580023CDA1 /* Main.storyboard */ = {
			isa = PBXVariantGroup;
			children = (
				60E5C2D71FBCAE580023CDA1 /* Base */,
			);
			name = Main.storyboard;
			sourceTree = "<group>";
		};
		60E5C2DB1FBCAE580023CDA1 /* LaunchScreen.storyboard */ = {
			isa = PBXVariantGroup;
			children = (
				60E5C2DC1FBCAE580023CDA1 /* Base */,
			);
			name = LaunchScreen.storyboard;
			sourceTree = "<group>";
		};
/* End PBXVariantGroup section */

/* Begin XCBuildConfiguration section */
		60E5C2DF1FBCAE580023CDA1 /* Debug */ = {
			isa = XCBuildConfiguration;
			buildSettings = {
				ALWAYS_SEARCH_USER_PATHS = NO;
				CLANG_ANALYZER_NONNULL = YES;
				CLANG_ANALYZER_NUMBER_OBJECT_CONVERSION = YES_AGGRESSIVE;
				CLANG_CXX_LANGUAGE_STANDARD = "gnu++14";
				CLANG_CXX_LIBRARY = "libc++";
				CLANG_ENABLE_MODULES = YES;
				CLANG_ENABLE_OBJC_ARC = YES;
				CLANG_WARN_BLOCK_CAPTURE_AUTORELEASING = YES;
				CLANG_WARN_BOOL_CONVERSION = YES;
				CLANG_WARN_COMMA = YES;
				CLANG_WARN_CONSTANT_CONVERSION = YES;
				CLANG_WARN_DIRECT_OBJC_ISA_USAGE = YES_ERROR;
				CLANG_WARN_DOCUMENTATION_COMMENTS = YES;
				CLANG_WARN_EMPTY_BODY = YES;
				CLANG_WARN_ENUM_CONVERSION = YES;
				CLANG_WARN_INFINITE_RECURSION = YES;
				CLANG_WARN_INT_CONVERSION = YES;
				CLANG_WARN_NON_LITERAL_NULL_CONVERSION = YES;
				CLANG_WARN_OBJC_LITERAL_CONVERSION = YES;
				CLANG_WARN_OBJC_ROOT_CLASS = YES_ERROR;
				CLANG_WARN_RANGE_LOOP_ANALYSIS = YES;
				CLANG_WARN_STRICT_PROTOTYPES = YES;
				CLANG_WARN_SUSPICIOUS_MOVE = YES;
				CLANG_WARN_UNGUARDED_AVAILABILITY = YES_AGGRESSIVE;
				CLANG_WARN_UNREACHABLE_CODE = YES;
				CLANG_WARN__DUPLICATE_METHOD_MATCH = YES;
				CODE_SIGN_IDENTITY = "iPhone Developer";
				COPY_PHASE_STRIP = NO;
				DEBUG_INFORMATION_FORMAT = dwarf;
				ENABLE_STRICT_OBJC_MSGSEND = YES;
				ENABLE_TESTABILITY = YES;
				GCC_C_LANGUAGE_STANDARD = gnu11;
				GCC_DYNAMIC_NO_PIC = NO;
				GCC_NO_COMMON_BLOCKS = YES;
				GCC_OPTIMIZATION_LEVEL = 0;
				GCC_PREPROCESSOR_DEFINITIONS = (
					"DEBUG=1",
					"$(inherited)",
				);
				GCC_WARN_64_TO_32_BIT_CONVERSION = YES;
				GCC_WARN_ABOUT_RETURN_TYPE = YES_ERROR;
				GCC_WARN_UNDECLARED_SELECTOR = YES;
				GCC_WARN_UNINITIALIZED_AUTOS = YES_AGGRESSIVE;
				GCC_WARN_UNUSED_FUNCTION = YES;
				GCC_WARN_UNUSED_VARIABLE = YES;
				IPHONEOS_DEPLOYMENT_TARGET = 11.1;
				MTL_ENABLE_DEBUG_INFO = YES;
				ONLY_ACTIVE_ARCH = YES;
				SDKROOT = iphoneos;
				SWIFT_ACTIVE_COMPILATION_CONDITIONS = DEBUG;
				SWIFT_OPTIMIZATION_LEVEL = "-Onone";
			};
			name = Debug;
		};
		60E5C2E01FBCAE580023CDA1 /* Release */ = {
			isa = XCBuildConfiguration;
			buildSettings = {
				ALWAYS_SEARCH_USER_PATHS = NO;
				CLANG_ANALYZER_NONNULL = YES;
				CLANG_ANALYZER_NUMBER_OBJECT_CONVERSION = YES_AGGRESSIVE;
				CLANG_CXX_LANGUAGE_STANDARD = "gnu++14";
				CLANG_CXX_LIBRARY = "libc++";
				CLANG_ENABLE_MODULES = YES;
				CLANG_ENABLE_OBJC_ARC = YES;
				CLANG_WARN_BLOCK_CAPTURE_AUTORELEASING = YES;
				CLANG_WARN_BOOL_CONVERSION = YES;
				CLANG_WARN_COMMA = YES;
				CLANG_WARN_CONSTANT_CONVERSION = YES;
				CLANG_WARN_DIRECT_OBJC_ISA_USAGE = YES_ERROR;
				CLANG_WARN_DOCUMENTATION_COMMENTS = YES;
				CLANG_WARN_EMPTY_BODY = YES;
				CLANG_WARN_ENUM_CONVERSION = YES;
				CLANG_WARN_INFINITE_RECURSION = YES;
				CLANG_WARN_INT_CONVERSION = YES;
				CLANG_WARN_NON_LITERAL_NULL_CONVERSION = YES;
				CLANG_WARN_OBJC_LITERAL_CONVERSION = YES;
				CLANG_WARN_OBJC_ROOT_CLASS = YES_ERROR;
				CLANG_WARN_RANGE_LOOP_ANALYSIS = YES;
				CLANG_WARN_STRICT_PROTOTYPES = YES;
				CLANG_WARN_SUSPICIOUS_MOVE = YES;
				CLANG_WARN_UNGUARDED_AVAILABILITY = YES_AGGRESSIVE;
				CLANG_WARN_UNREACHABLE_CODE = YES;
				CLANG_WARN__DUPLICATE_METHOD_MATCH = YES;
				CODE_SIGN_IDENTITY = "iPhone Developer";
				COPY_PHASE_STRIP = NO;
				DEBUG_INFORMATION_FORMAT = "dwarf-with-dsym";
				ENABLE_NS_ASSERTIONS = NO;
				ENABLE_STRICT_OBJC_MSGSEND = YES;
				GCC_C_LANGUAGE_STANDARD = gnu11;
				GCC_NO_COMMON_BLOCKS = YES;
				GCC_WARN_64_TO_32_BIT_CONVERSION = YES;
				GCC_WARN_ABOUT_RETURN_TYPE = YES_ERROR;
				GCC_WARN_UNDECLARED_SELECTOR = YES;
				GCC_WARN_UNINITIALIZED_AUTOS = YES_AGGRESSIVE;
				GCC_WARN_UNUSED_FUNCTION = YES;
				GCC_WARN_UNUSED_VARIABLE = YES;
				IPHONEOS_DEPLOYMENT_TARGET = 11.1;
				MTL_ENABLE_DEBUG_INFO = NO;
				SDKROOT = iphoneos;
				SWIFT_OPTIMIZATION_LEVEL = "-Owholemodule";
				VALIDATE_PRODUCT = YES;
			};
			name = Release;
		};
		60E5C2E21FBCAE580023CDA1 /* Debug */ = {
			isa = XCBuildConfiguration;
			buildSettings = {
				ASSETCATALOG_COMPILER_APPICON_NAME = AppIcon;
				CODE_SIGN_STYLE = Automatic;
				INFOPLIST_FILE = Calculatorauto/Info.plist;
				LD_RUNPATH_SEARCH_PATHS = "$(inherited) @executable_path/Frameworks";
				PRODUCT_BUNDLE_IDENTIFIER = com.vijaybhati.Calculatorauto;
				PRODUCT_NAME = "$(TARGET_NAME)";
				SWIFT_VERSION = 4.0;
				TARGETED_DEVICE_FAMILY = "1,2";
			};
			name = Debug;
		};
		60E5C2E31FBCAE580023CDA1 /* Release */ = {
			isa = XCBuildConfiguration;
			buildSettings = {
				ASSETCATALOG_COMPILER_APPICON_NAME = AppIcon;
				CODE_SIGN_STYLE = Automatic;
				INFOPLIST_FILE = Calculatorauto/Info.plist;
				LD_RUNPATH_SEARCH_PATHS = "$(inherited) @executable_path/Frameworks";
				PRODUCT_BUNDLE_IDENTIFIER = com.vijaybhati.Calculatorauto;
				PRODUCT_NAME = "$(TARGET_NAME)";
				SWIFT_VERSION = 4.0;
				TARGETED_DEVICE_FAMILY = "1,2";
			};
			name = Release;
		};
/* End XCBuildConfiguration section */

/* Begin XCConfigurationList section */
		60E5C2CA1FBCAE570023CDA1 /* Build configuration list for PBXProject "Calculatorauto" */ = {
			isa = XCConfigurationList;
			buildConfigurations = (
				60E5C2DF1FBCAE580023CDA1 /* Debug */,
				60E5C2E01FBCAE580023CDA1 /* Release */,
			);
			defaultConfigurationIsVisible = 0;
			defaultConfigurationName = Release;
		};
		60E5C2E11FBCAE580023CDA1 /* Build configuration list for PBXNativeTarget "Calculatorauto" */ = {
			isa = XCConfigurationList;
			buildConfigurations = (
				60E5C2E21FBCAE580023CDA1 /* Debug */,
				60E5C2E31FBCAE580023CDA1 /* Release */,
			);
			defaultConfigurationIsVisible = 0;
			defaultConfigurationName = Release;
		};
/* End XCConfigurationList section */
	};
	rootObject = 60E5C2C71FBCAE570023CDA1 /* Project object */;
}
